
Microsoft Visual Studio Solution File, Format Version 12.00
# Visual Studio 2013
VisualStudioVersion = 12.0.21005.1
MinimumVisualStudioVersion = 10.0.40219.1
Project("{F184B08F-C81C-45F6-A57F-5ABD9991F28F}") = "Page367-8", "Page367-8.vbproj", "{2C2EAE28-231C-4BE8-BCA7-30B88BAA8C11}"
EndProject
Global
	GlobalSection(SolutionConfigurationPlatforms) = preSolution
		Debug|Any CPU = Debug|Any CPU
		Release|Any CPU = Release|Any CPU
	EndGlobalSection
	GlobalSection(ProjectConfigurationPlatforms) = postSolution
		{2C2EAE28-231C-4BE8-BCA7-30B88BAA8C11}.Debug|Any CPU.ActiveCfg = Debug|Any CPU
		{2C2EAE28-231C-4BE8-BCA7-30B88BAA8C11}.Debug|Any CPU.Build.0 = Debug|Any CPU
		{2C2EAE28-231C-4BE8-BCA7-30B88BAA8C11}.Release|Any CPU.ActiveCfg = Release|Any CPU
		{2C2EAE28-231C-4BE8-BCA7-30B88BAA8C11}.Release|Any CPU.Build.0 = Release|Any CPU
	EndGlobalSection
	GlobalSection(SolutionProperties) = preSolution
		HideSolutionNode = FALSE
	EndGlobalSection
EndGlobal
